// !$*UTF8*$!
{
	archiveVersion = 1;
	classes = {
	};
	objectVersion = 50;
	objects = {

/* Begin PBXBuildFile section */
		AB4FC7E62580E16600FCFB0A /* infOvid_portfolioApp.swift in Sources */ = {isa = PBXBuildFile; fileRef = AB4FC7E52580E16600FCFB0A /* infOvid_portfolioApp.swift */; };
		AB4FC7EA2580E16700FCFB0A /* Assets.xcassets in Resources */ = {isa = PBXBuildFile; fileRef = AB4FC7E92580E16700FCFB0A /* Assets.xcassets */; };
		AB4FC7ED2580E16700FCFB0A /* Preview Assets.xcassets in Resources */ = {isa = PBXBuildFile; fileRef = AB4FC7EC2580E16700FCFB0A /* Preview Assets.xcassets */; };
		AB9AC6612580E2F8004B8BB6 /* CountryDecodable.swift in Sources */ = {isa = PBXBuildFile; fileRef = AB9AC65F2580E2F8004B8BB6 /* CountryDecodable.swift */; };
		AB9AC6622580E2F8004B8BB6 /* Country.swift in Sources */ = {isa = PBXBuildFile; fileRef = AB9AC6602580E2F8004B8BB6 /* Country.swift */; };
		AB9AC66A2580E402004B8BB6 /* RegionRow.swift in Sources */ = {isa = PBXBuildFile; fileRef = AB9AC6662580E402004B8BB6 /* RegionRow.swift */; };
		AB9AC66B2580E402004B8BB6 /* ItalyView.swift in Sources */ = {isa = PBXBuildFile; fileRef = AB9AC6672580E402004B8BB6 /* ItalyView.swift */; };
		AB9AC66C2580E402004B8BB6 /* RegionDetail.swift in Sources */ = {isa = PBXBuildFile; fileRef = AB9AC6682580E402004B8BB6 /* RegionDetail.swift */; };
		AB9AC66D2580E402004B8BB6 /* RegionList.swift in Sources */ = {isa = PBXBuildFile; fileRef = AB9AC6692580E402004B8BB6 /* RegionList.swift */; };
		AB9AC6732580E52D004B8BB6 /* UserSettings.swift in Sources */ = {isa = PBXBuildFile; fileRef = AB9AC6712580E52D004B8BB6 /* UserSettings.swift */; };
		AB9AC6742580E52D004B8BB6 /* DataDownloaded.swift in Sources */ = {isa = PBXBuildFile; fileRef = AB9AC6722580E52D004B8BB6 /* DataDownloaded.swift */; };
/* End PBXBuildFile section */

/* Begin PBXFileReference section */
		AB4FC7E22580E16600FCFB0A /* infOvid-portfolio.app */ = {isa = PBXFileReference; explicitFileType = wrapper.application; includeInIndex = 0; path = "infOvid-portfolio.app"; sourceTree = BUILT_PRODUCTS_DIR; };
		AB4FC7E52580E16600FCFB0A /* infOvid_portfolioApp.swift */ = {isa = PBXFileReference; lastKnownFileType = sourcecode.swift; path = infOvid_portfolioApp.swift; sourceTree = "<group>"; };
		AB4FC7E92580E16700FCFB0A /* Assets.xcassets */ = {isa = PBXFileReference; lastKnownFileType = folder.assetcatalog; path = Assets.xcassets; sourceTree = "<group>"; };
		AB4FC7EC2580E16700FCFB0A /* Preview Assets.xcassets */ = {isa = PBXFileReference; lastKnownFileType = folder.assetcatalog; path = "Preview Assets.xcassets"; sourceTree = "<group>"; };
		AB4FC7EE2580E16700FCFB0A /* Info.plist */ = {isa = PBXFileReference; lastKnownFileType = text.plist.xml; path = Info.plist; sourceTree = "<group>"; };
		AB9AC65F2580E2F8004B8BB6 /* CountryDecodable.swift */ = {isa = PBXFileReference; fileEncoding = 4; lastKnownFileType = sourcecode.swift; path = CountryDecodable.swift; sourceTree = "<group>"; };
		AB9AC6602580E2F8004B8BB6 /* Country.swift */ = {isa = PBXFileReference; fileEncoding = 4; lastKnownFileType = sourcecode.swift; path = Country.swift; sourceTree = "<group>"; };
		AB9AC6662580E402004B8BB6 /* RegionRow.swift */ = {isa = PBXFileReference; fileEncoding = 4; lastKnownFileType = sourcecode.swift; path = RegionRow.swift; sourceTree = "<group>"; };
		AB9AC6672580E402004B8BB6 /* ItalyView.swift */ = {isa = PBXFileReference; fileEncoding = 4; lastKnownFileType = sourcecode.swift; path = ItalyView.swift; sourceTree = "<group>"; };
		AB9AC6682580E402004B8BB6 /* RegionDetail.swift */ = {isa = PBXFileReference; fileEncoding = 4; lastKnownFileType = sourcecode.swift; path = RegionDetail.swift; sourceTree = "<group>"; };
		AB9AC6692580E402004B8BB6 /* RegionList.swift */ = {isa = PBXFileReference; fileEncoding = 4; lastKnownFileType = sourcecode.swift; path = RegionList.swift; sourceTree = "<group>"; };
		AB9AC6712580E52D004B8BB6 /* UserSettings.swift */ = {isa = PBXFileReference; fileEncoding = 4; lastKnownFileType = sourcecode.swift; path = UserSettings.swift; sourceTree = "<group>"; };
		AB9AC6722580E52D004B8BB6 /* DataDownloaded.swift */ = {isa = PBXFileReference; fileEncoding = 4; lastKnownFileType = sourcecode.swift; path = DataDownloaded.swift; sourceTree = "<group>"; };
/* End PBXFileReference section */

/* Begin PBXFrameworksBuildPhase section */
		AB4FC7DF2580E16600FCFB0A /* Frameworks */ = {
			isa = PBXFrameworksBuildPhase;
			buildActionMask = 2147483647;
			files = (
			);
			runOnlyForDeploymentPostprocessing = 0;
		};
/* End PBXFrameworksBuildPhase section */

/* Begin PBXGroup section */
		AB4FC7D92580E16600FCFB0A = {
			isa = PBXGroup;
			children = (
				AB4FC7E42580E16600FCFB0A /* infOvid-portfolio */,
				AB4FC7E32580E16600FCFB0A /* Products */,
			);
			sourceTree = "<group>";
		};
		AB4FC7E32580E16600FCFB0A /* Products */ = {
			isa = PBXGroup;
			children = (
				AB4FC7E22580E16600FCFB0A /* infOvid-portfolio.app */,
			);
			name = Products;
			sourceTree = "<group>";
		};
		AB4FC7E42580E16600FCFB0A /* infOvid-portfolio */ = {
			isa = PBXGroup;
			children = (
				AB4FC7E52580E16600FCFB0A /* infOvid_portfolioApp.swift */,
				AB9AC65E2580E2F8004B8BB6 /* Model */,
				AB9AC6652580E402004B8BB6 /* View */,
				AB9AC6702580E52D004B8BB6 /* ViewModel */,
				AB4FC7E92580E16700FCFB0A /* Assets.xcassets */,
				AB4FC7EE2580E16700FCFB0A /* Info.plist */,
				AB4FC7EB2580E16700FCFB0A /* Preview Content */,
			);
			path = "infOvid-portfolio";
			sourceTree = "<group>";
		};
		AB4FC7EB2580E16700FCFB0A /* Preview Content */ = {
			isa = PBXGroup;
			children = (
				AB4FC7EC2580E16700FCFB0A /* Preview Assets.xcassets */,
			);
			path = "Preview Content";
			sourceTree = "<group>";
		};
		AB9AC65E2580E2F8004B8BB6 /* Model */ = {
			isa = PBXGroup;
			children = (
				AB9AC65F2580E2F8004B8BB6 /* CountryDecodable.swift */,
				AB9AC6602580E2F8004B8BB6 /* Country.swift */,
			);
			path = Model;
			sourceTree = "<group>";
		};
		AB9AC6652580E402004B8BB6 /* View */ = {
			isa = PBXGroup;
			children = (
				AB9AC6662580E402004B8BB6 /* RegionRow.swift */,
				AB9AC6672580E402004B8BB6 /* ItalyView.swift */,
				AB9AC6682580E402004B8BB6 /* RegionDetail.swift */,
				AB9AC6692580E402004B8BB6 /* RegionList.swift */,
			);
			path = View;
			sourceTree = "<group>";
		};
		AB9AC6702580E52D004B8BB6 /* ViewModel */ = {
			isa = PBXGroup;
			children = (
				AB9AC6712580E52D004B8BB6 /* UserSettings.swift */,
				AB9AC6722580E52D004B8BB6 /* DataDownloaded.swift */,
			);
			path = ViewModel;
			sourceTree = "<group>";
		};
/* End PBXGroup section */

/* Begin PBXNativeTarget section */
		AB4FC7E12580E16600FCFB0A /* infOvid-portfolio */ = {
			isa = PBXNativeTarget;
			buildConfigurationList = AB4FC7F12580E16700FCFB0A /* Build configuration list for PBXNativeTarget "infOvid-portfolio" */;
			buildPhases = (
				AB4FC7DE2580E16600FCFB0A /* Sources */,
				AB4FC7DF2580E16600FCFB0A /* Frameworks */,
				AB4FC7E02580E16600FCFB0A /* Resources */,
			);
			buildRules = (
			);
			dependencies = (
			);
			name = "infOvid-portfolio";
			productName = "infOvid-portfolio";
			productReference = AB4FC7E22580E16600FCFB0A /* infOvid-portfolio.app */;
			productType = "com.apple.product-type.application";
		};
/* End PBXNativeTarget section */

/* Begin PBXProject section */
		AB4FC7DA2580E16600FCFB0A /* Project object */ = {
			isa = PBXProject;
			attributes = {
				LastSwiftUpdateCheck = 1220;
				LastUpgradeCheck = 1220;
				TargetAttributes = {
					AB4FC7E12580E16600FCFB0A = {
						CreatedOnToolsVersion = 12.2;
					};
				};
			};
			buildConfigurationList = AB4FC7DD2580E16600FCFB0A /* Build configuration list for PBXProject "infOvid-portfolio" */;
			compatibilityVersion = "Xcode 9.3";
			developmentRegion = en;
			hasScannedForEncodings = 0;
			knownRegions = (
				en,
				Base,
			);
			mainGroup = AB4FC7D92580E16600FCFB0A;
			productRefGroup = AB4FC7E32580E16600FCFB0A /* Products */;
			projectDirPath = "";
			projectRoot = "";
			targets = (
				AB4FC7E12580E16600FCFB0A /* infOvid-portfolio */,
			);
		};
/* End PBXProject section */

/* Begin PBXResourcesBuildPhase section */
		AB4FC7E02580E16600FCFB0A /* Resources */ = {
			isa = PBXResourcesBuildPhase;
			buildActionMask = 2147483647;
			files = (
				AB4FC7ED2580E16700FCFB0A /* Preview Assets.xcassets in Resources */,
				AB4FC7EA2580E16700FCFB0A /* Assets.xcassets in Resources */,
			);
			runOnlyForDeploymentPostprocessing = 0;
		};
/* End PBXResourcesBuildPhase section */

/* Begin PBXSourcesBuildPhase section */
		AB4FC7DE2580E16600FCFB0A /* Sources */ = {
			isa = PBXSourcesBuildPhase;
			buildActionMask = 2147483647;
			files = (
				AB9AC66B2580E402004B8BB6 /* ItalyView.swift in Sources */,
				AB9AC66C2580E402004B8BB6 /* RegionDetail.swift in Sources */,
				AB9AC6622580E2F8004B8BB6 /* Country.swift in Sources */,
				AB9AC66D2580E402004B8BB6 /* RegionList.swift in Sources */,
				AB4FC7E62580E16600FCFB0A /* infOvid_portfolioApp.swift in Sources */,
				AB9AC6732580E52D004B8BB6 /* UserSettings.swift in Sources */,
				AB9AC6612580E2F8004B8BB6 /* CountryDecodable.swift in Sources */,
				AB9AC66A2580E402004B8BB6 /* RegionRow.swift in Sources */,
				AB9AC6742580E52D004B8BB6 /* DataDownloaded.swift in Sources */,
			);
			runOnlyForDeploymentPostprocessing = 0;
		};
/* End PBXSourcesBuildPhase section */

/* Begin XCBuildConfiguration section */
		AB4FC7EF2580E16700FCFB0A /* Debug */ = {
			isa = XCBuildConfiguration;
			buildSettings = {
				ALWAYS_SEARCH_USER_PATHS = NO;
				CLANG_ANALYZER_NONNULL = YES;
				CLANG_ANALYZER_NUMBER_OBJECT_CONVERSION = YES_AGGRESSIVE;
				CLANG_CXX_LANGUAGE_STANDARD = "gnu++14";
				CLANG_CXX_LIBRARY = "libc++";
				CLANG_ENABLE_MODULES = YES;
				CLANG_ENABLE_OBJC_ARC = YES;
				CLANG_ENABLE_OBJC_WEAK = YES;
				CLANG_WARN_BLOCK_CAPTURE_AUTORELEASING = YES;
				CLANG_WARN_BOOL_CONVERSION = YES;
				CLANG_WARN_COMMA = YES;
				CLANG_WARN_CONSTANT_CONVERSION = YES;
				CLANG_WARN_DEPRECATED_OBJC_IMPLEMENTATIONS = YES;
				CLANG_WARN_DIRECT_OBJC_ISA_USAGE = YES_ERROR;
				CLANG_WARN_DOCUMENTATION_COMMENTS = YES;
				CLANG_WARN_EMPTY_BODY = YES;
				CLANG_WARN_ENUM_CONVERSION = YES;
				CLANG_WARN_INFINITE_RECURSION = YES;
				CLANG_WARN_INT_CONVERSION = YES;
				CLANG_WARN_NON_LITERAL_NULL_CONVERSION = YES;
				CLANG_WARN_OBJC_IMPLICIT_RETAIN_SELF = YES;
				CLANG_WARN_OBJC_LITERAL_CONVERSION = YES;
				CLANG_WARN_OBJC_ROOT_CLASS = YES_ERROR;
				CLANG_WARN_QUOTED_INCLUDE_IN_FRAMEWORK_HEADER = YES;
				CLANG_WARN_RANGE_LOOP_ANALYSIS = YES;
				CLANG_WARN_STRICT_PROTOTYPES = YES;
				CLANG_WARN_SUSPICIOUS_MOVE = YES;
				CLANG_WARN_UNGUARDED_AVAILABILITY = YES_AGGRESSIVE;
				CLANG_WARN_UNREACHABLE_CODE = YES;
				CLANG_WARN__DUPLICATE_METHOD_MATCH = YES;
				COPY_PHASE_STRIP = NO;
				DEBUG_INFORMATION_FORMAT = dwarf;
				ENABLE_STRICT_OBJC_MSGSEND = YES;
				ENABLE_TESTABILITY = YES;
				GCC_C_LANGUAGE_STANDARD = gnu11;
				GCC_DYNAMIC_NO_PIC = NO;
				GCC_NO_COMMON_BLOCKS = YES;
				GCC_OPTIMIZATION_LEVEL = 0;
				GCC_PREPROCESSOR_DEFINITIONS = (
					"DEBUG=1",
					"$(inherited)",
				);
				GCC_WARN_64_TO_32_BIT_CONVERSION = YES;
				GCC_WARN_ABOUT_RETURN_TYPE = YES_ERROR;
				GCC_WARN_UNDECLARED_SELECTOR = YES;
				GCC_WARN_UNINITIALIZED_AUTOS = YES_AGGRESSIVE;
				GCC_WARN_UNUSED_FUNCTION = YES;
				GCC_WARN_UNUSED_VARIABLE = YES;
				IPHONEOS_DEPLOYMENT_TARGET = 14.2;
				MTL_ENABLE_DEBUG_INFO = INCLUDE_SOURCE;
				MTL_FAST_MATH = YES;
				ONLY_ACTIVE_ARCH = YES;
				SDKROOT = iphoneos;
				SWIFT_ACTIVE_COMPILATION_CONDITIONS = DEBUG;
				SWIFT_OPTIMIZATION_LEVEL = "-Onone";
			};
			name = Debug;
		};
		AB4FC7F02580E16700FCFB0A /* Release */ = {
			isa = XCBuildConfiguration;
			buildSettings = {
				ALWAYS_SEARCH_USER_PATHS = NO;
				CLANG_ANALYZER_NONNULL = YES;
				CLANG_ANALYZER_NUMBER_OBJECT_CONVERSION = YES_AGGRESSIVE;
				CLANG_CXX_LANGUAGE_STANDARD = "gnu++14";
				CLANG_CXX_LIBRARY = "libc++";
				CLANG_ENABLE_MODULES = YES;
				CLANG_ENABLE_OBJC_ARC = YES;
				CLANG_ENABLE_OBJC_WEAK = YES;
				CLANG_WARN_BLOCK_CAPTURE_AUTORELEASING = YES;
				CLANG_WARN_BOOL_CONVERSION = YES;
				CLANG_WARN_COMMA = YES;
				CLANG_WARN_CONSTANT_CONVERSION = YES;
				CLANG_WARN_DEPRECATED_OBJC_IMPLEMENTATIONS = YES;
				CLANG_WARN_DIRECT_OBJC_ISA_USAGE = YES_ERROR;
				CLANG_WARN_DOCUMENTATION_COMMENTS = YES;
				CLANG_WARN_EMPTY_BODY = YES;
				CLANG_WARN_ENUM_CONVERSION = YES;
				CLANG_WARN_INFINITE_RECURSION = YES;
				CLANG_WARN_INT_CONVERSION = YES;
				CLANG_WARN_NON_LITERAL_NULL_CONVERSION = YES;
				CLANG_WARN_OBJC_IMPLICIT_RETAIN_SELF = YES;
				CLANG_WARN_OBJC_LITERAL_CONVERSION = YES;
				CLANG_WARN_OBJC_ROOT_CLASS = YES_ERROR;
				CLANG_WARN_QUOTED_INCLUDE_IN_FRAMEWORK_HEADER = YES;
				CLANG_WARN_RANGE_LOOP_ANALYSIS = YES;
				CLANG_WARN_STRICT_PROTOTYPES = YES;
				CLANG_WARN_SUSPICIOUS_MOVE = YES;
				CLANG_WARN_UNGUARDED_AVAILABILITY = YES_AGGRESSIVE;
				CLANG_WARN_UNREACHABLE_CODE = YES;
				CLANG_WARN__DUPLICATE_METHOD_MATCH = YES;
				COPY_PHASE_STRIP = NO;
				DEBUG_INFORMATION_FORMAT = "dwarf-with-dsym";
				ENABLE_NS_ASSERTIONS = NO;
				ENABLE_STRICT_OBJC_MSGSEND = YES;
				GCC_C_LANGUAGE_STANDARD = gnu11;
				GCC_NO_COMMON_BLOCKS = YES;
				GCC_WARN_64_TO_32_BIT_CONVERSION = YES;
				GCC_WARN_ABOUT_RETURN_TYPE = YES_ERROR;
				GCC_WARN_UNDECLARED_SELECTOR = YES;
				GCC_WARN_UNINITIALIZED_AUTOS = YES_AGGRESSIVE;
				GCC_WARN_UNUSED_FUNCTION = YES;
				GCC_WARN_UNUSED_VARIABLE = YES;
				IPHONEOS_DEPLOYMENT_TARGET = 14.2;
				MTL_ENABLE_DEBUG_INFO = NO;
				MTL_FAST_MATH = YES;
				SDKROOT = iphoneos;
				SWIFT_COMPILATION_MODE = wholemodule;
				SWIFT_OPTIMIZATION_LEVEL = "-O";
				VALIDATE_PRODUCT = YES;
			};
			name = Release;
		};
		AB4FC7F22580E16700FCFB0A /* Debug */ = {
			isa = XCBuildConfiguration;
			buildSettings = {
				ASSETCATALOG_COMPILER_APPICON_NAME = AppIcon;
				ASSETCATALOG_COMPILER_GLOBAL_ACCENT_COLOR_NAME = AccentColor;
				CODE_SIGN_STYLE = Automatic;
				DEVELOPMENT_ASSET_PATHS = "\"infOvid-portfolio/Preview Content\"";
				DEVELOPMENT_TEAM = 7L467ASR92;
				ENABLE_PREVIEWS = YES;
				INFOPLIST_FILE = "infOvid-portfolio/Info.plist";
				IPHONEOS_DEPLOYMENT_TARGET = 14.0;
				LD_RUNPATH_SEARCH_PATHS = (
					"$(inherited)",
					"@executable_path/Frameworks",
				);
				PRODUCT_BUNDLE_IDENTIFIER = "com.loris.infOvid-portfolio";
				PRODUCT_NAME = "$(TARGET_NAME)";
				SWIFT_VERSION = 5.0;
				TARGETED_DEVICE_FAMILY = 1;
			};
			name = Debug;
		};
		AB4FC7F32580E16700FCFB0A /* Release */ = {
			isa = XCBuildConfiguration;
			buildSettings = {
				ASSETCATALOG_COMPILER_APPICON_NAME = AppIcon;
				ASSETCATALOG_COMPILER_GLOBAL_ACCENT_COLOR_NAME = AccentColor;
				CODE_SIGN_STYLE = Automatic;
				DEVELOPMENT_ASSET_PATHS = "\"infOvid-portfolio/Preview Content\"";
				DEVELOPMENT_TEAM = 7L467ASR92;
				ENABLE_PREVIEWS = YES;
				INFOPLIST_FILE = "infOvid-portfolio/Info.plist";
				IPHONEOS_DEPLOYMENT_TARGET = 14.0;
				LD_RUNPATH_SEARCH_PATHS = (
					"$(inherited)",
					"@executable_path/Frameworks",
				);
				PRODUCT_BUNDLE_IDENTIFIER = "com.loris.infOvid-portfolio";
				PRODUCT_NAME = "$(TARGET_NAME)";
				SWIFT_VERSION = 5.0;
				TARGETED_DEVICE_FAMILY = 1;
			};
			name = Release;
		};
/* End XCBuildConfiguration section */

/* Begin XCConfigurationList section */
		AB4FC7DD2580E16600FCFB0A /* Build configuration list for PBXProject "infOvid-portfolio" */ = {
			isa = XCConfigurationList;
			buildConfigurations = (
				AB4FC7EF2580E16700FCFB0A /* Debug */,
				AB4FC7F02580E16700FCFB0A /* Release */,
			);
			defaultConfigurationIsVisible = 0;
			defaultConfigurationName = Release;
		};
		AB4FC7F12580E16700FCFB0A /* Build configuration list for PBXNativeTarget "infOvid-portfolio" */ = {
			isa = XCConfigurationList;
			buildConfigurations = (
				AB4FC7F22580E16700FCFB0A /* Debug */,
				AB4FC7F32580E16700FCFB0A /* Release */,
			);
			defaultConfigurationIsVisible = 0;
			defaultConfigurationName = Release;
		};
/* End XCConfigurationList section */
	};
	rootObject = AB4FC7DA2580E16600FCFB0A /* Project object */;
}
